// !$*UTF8*$!
{
	archiveVersion = 1;
	classes = {
	};
	objectVersion = 50;
	objects = {

/* Begin PBXBuildFile section */
		840198D5231FF5A200F5F090 /* AppDelegate.swift in Sources */ = {isa = PBXBuildFile; fileRef = 840198D4231FF5A200F5F090 /* AppDelegate.swift */; };
		840198D7231FF5A200F5F090 /* SceneDelegate.swift in Sources */ = {isa = PBXBuildFile; fileRef = 840198D6231FF5A200F5F090 /* SceneDelegate.swift */; };
		840198D9231FF5A200F5F090 /* ViewController.swift in Sources */ = {isa = PBXBuildFile; fileRef = 840198D8231FF5A200F5F090 /* ViewController.swift */; };
		840198DC231FF5A200F5F090 /* Main.storyboard in Resources */ = {isa = PBXBuildFile; fileRef = 840198DA231FF5A200F5F090 /* Main.storyboard */; };
		840198DE231FF5A300F5F090 /* Assets.xcassets in Resources */ = {isa = PBXBuildFile; fileRef = 840198DD231FF5A300F5F090 /* Assets.xcassets */; };
		840198E1231FF5A300F5F090 /* LaunchScreen.storyboard in Resources */ = {isa = PBXBuildFile; fileRef = 840198DF231FF5A300F5F090 /* LaunchScreen.storyboard */; };
		840198ED231FF9D000F5F090 /* MainTapBarController.swift in Sources */ = {isa = PBXBuildFile; fileRef = 840198EC231FF9D000F5F090 /* MainTapBarController.swift */; };
		840198EF231FFB2E00F5F090 /* PhotosCollectionViewController.swift in Sources */ = {isa = PBXBuildFile; fileRef = 840198EE231FFB2E00F5F090 /* PhotosCollectionViewController.swift */; };
/* End PBXBuildFile section */

/* Begin PBXFileReference section */
		840198D1231FF5A200F5F090 /* swiftbook1.app */ = {isa = PBXFileReference; explicitFileType = wrapper.application; includeInIndex = 0; path = swiftbook1.app; sourceTree = BUILT_PRODUCTS_DIR; };
		840198D4231FF5A200F5F090 /* AppDelegate.swift */ = {isa = PBXFileReference; lastKnownFileType = sourcecode.swift; path = AppDelegate.swift; sourceTree = "<group>"; };
		840198D6231FF5A200F5F090 /* SceneDelegate.swift */ = {isa = PBXFileReference; lastKnownFileType = sourcecode.swift; path = SceneDelegate.swift; sourceTree = "<group>"; };
		840198D8231FF5A200F5F090 /* ViewController.swift */ = {isa = PBXFileReference; lastKnownFileType = sourcecode.swift; path = ViewController.swift; sourceTree = "<group>"; };
		840198DB231FF5A200F5F090 /* Base */ = {isa = PBXFileReference; lastKnownFileType = file.storyboard; name = Base; path = Base.lproj/Main.storyboard; sourceTree = "<group>"; };
		840198DD231FF5A300F5F090 /* Assets.xcassets */ = {isa = PBXFileReference; lastKnownFileType = folder.assetcatalog; path = Assets.xcassets; sourceTree = "<group>"; };
		840198E0231FF5A300F5F090 /* Base */ = {isa = PBXFileReference; lastKnownFileType = file.storyboard; name = Base; path = Base.lproj/LaunchScreen.storyboard; sourceTree = "<group>"; };
		840198E2231FF5A300F5F090 /* Info.plist */ = {isa = PBXFileReference; lastKnownFileType = text.plist.xml; path = Info.plist; sourceTree = "<group>"; };
		840198EC231FF9D000F5F090 /* MainTapBarController.swift */ = {isa = PBXFileReference; lastKnownFileType = sourcecode.swift; path = MainTapBarController.swift; sourceTree = "<group>"; };
		840198EE231FFB2E00F5F090 /* PhotosCollectionViewController.swift */ = {isa = PBXFileReference; lastKnownFileType = sourcecode.swift; path = PhotosCollectionViewController.swift; sourceTree = "<group>"; };
/* End PBXFileReference section */

/* Begin PBXFrameworksBuildPhase section */
		840198CE231FF5A200F5F090 /* Frameworks */ = {
			isa = PBXFrameworksBuildPhase;
			buildActionMask = 2147483647;
			files = (
			);
			runOnlyForDeploymentPostprocessing = 0;
		};
/* End PBXFrameworksBuildPhase section */

/* Begin PBXGroup section */
		840198C8231FF5A200F5F090 = {
			isa = PBXGroup;
			children = (
				840198D3231FF5A200F5F090 /* swiftbook1 */,
				840198D2231FF5A200F5F090 /* Products */,
			);
			sourceTree = "<group>";
		};
		840198D2231FF5A200F5F090 /* Products */ = {
			isa = PBXGroup;
			children = (
				840198D1231FF5A200F5F090 /* swiftbook1.app */,
			);
			name = Products;
			sourceTree = "<group>";
		};
		840198D3231FF5A200F5F090 /* swiftbook1 */ = {
			isa = PBXGroup;
			children = (
				840198D4231FF5A200F5F090 /* AppDelegate.swift */,
				840198D6231FF5A200F5F090 /* SceneDelegate.swift */,
				840198D8231FF5A200F5F090 /* ViewController.swift */,
				840198EC231FF9D000F5F090 /* MainTapBarController.swift */,
				840198EE231FFB2E00F5F090 /* PhotosCollectionViewController.swift */,
				840198DA231FF5A200F5F090 /* Main.storyboard */,
				840198DD231FF5A300F5F090 /* Assets.xcassets */,
				840198DF231FF5A300F5F090 /* LaunchScreen.storyboard */,
				840198E2231FF5A300F5F090 /* Info.plist */,
			);
			path = swiftbook1;
			sourceTree = "<group>";
		};
/* End PBXGroup section */

/* Begin PBXNativeTarget section */
		840198D0231FF5A200F5F090 /* swiftbook1 */ = {
			isa = PBXNativeTarget;
			buildConfigurationList = 840198E5231FF5A300F5F090 /* Build configuration list for PBXNativeTarget "swiftbook1" */;
			buildPhases = (
				840198CD231FF5A200F5F090 /* Sources */,
				840198CE231FF5A200F5F090 /* Frameworks */,
				840198CF231FF5A200F5F090 /* Resources */,
			);
			buildRules = (
			);
			dependencies = (
			);
			name = swiftbook1;
			productName = swiftbook1;
			productReference = 840198D1231FF5A200F5F090 /* swiftbook1.app */;
			productType = "com.apple.product-type.application";
		};
/* End PBXNativeTarget section */

/* Begin PBXProject section */
		840198C9231FF5A200F5F090 /* Project object */ = {
			isa = PBXProject;
			attributes = {
				LastSwiftUpdateCheck = 1100;
				LastUpgradeCheck = 1100;
				ORGANIZATIONNAME = musamuss;
				TargetAttributes = {
					840198D0231FF5A200F5F090 = {
						CreatedOnToolsVersion = 11.0;
					};
				};
			};
			buildConfigurationList = 840198CC231FF5A200F5F090 /* Build configuration list for PBXProject "swiftbook1" */;
			compatibilityVersion = "Xcode 9.3";
			developmentRegion = en;
			hasScannedForEncodings = 0;
			knownRegions = (
				en,
				Base,
			);
			mainGroup = 840198C8231FF5A200F5F090;
			productRefGroup = 840198D2231FF5A200F5F090 /* Products */;
			projectDirPath = "";
			projectRoot = "";
			targets = (
				840198D0231FF5A200F5F090 /* swiftbook1 */,
			);
		};
/* End PBXProject section */

/* Begin PBXResourcesBuildPhase section */
		840198CF231FF5A200F5F090 /* Resources */ = {
			isa = PBXResourcesBuildPhase;
			buildActionMask = 2147483647;
			files = (
				840198E1231FF5A300F5F090 /* LaunchScreen.storyboard in Resources */,
				840198DE231FF5A300F5F090 /* Assets.xcassets in Resources */,
				840198DC231FF5A200F5F090 /* Main.storyboard in Resources */,
			);
			runOnlyForDeploymentPostprocessing = 0;
		};
/* End PBXResourcesBuildPhase section */

/* Begin PBXSourcesBuildPhase section */
		840198CD231FF5A200F5F090 /* Sources */ = {
			isa = PBXSourcesBuildPhase;
			buildActionMask = 2147483647;
			files = (
				840198ED231FF9D000F5F090 /* MainTapBarController.swift in Sources */,
				840198D9231FF5A200F5F090 /* ViewController.swift in Sources */,
				840198D5231FF5A200F5F090 /* AppDelegate.swift in Sources */,
				840198EF231FFB2E00F5F090 /* PhotosCollectionViewController.swift in Sources */,
				840198D7231FF5A200F5F090 /* SceneDelegate.swift in Sources */,
			);
			runOnlyForDeploymentPostprocessing = 0;
		};
/* End PBXSourcesBuildPhase section */

/* Begin PBXVariantGroup section */
		840198DA231FF5A200F5F090 /* Main.storyboard */ = {
			isa = PBXVariantGroup;
			children = (
				840198DB231FF5A200F5F090 /* Base */,
			);
			name = Main.storyboard;
			sourceTree = "<group>";
		};
		840198DF231FF5A300F5F090 /* LaunchScreen.storyboard */ = {
			isa = PBXVariantGroup;
			children = (
				840198E0231FF5A300F5F090 /* Base */,
			);
			name = LaunchScreen.storyboard;
			sourceTree = "<group>";
		};
/* End PBXVariantGroup section */

/* Begin XCBuildConfiguration section */
		840198E3231FF5A300F5F090 /* Debug */ = {
			isa = XCBuildConfiguration;
			buildSettings = {
				ALWAYS_SEARCH_USER_PATHS = NO;
				CLANG_ANALYZER_NONNULL = YES;
				CLANG_ANALYZER_NUMBER_OBJECT_CONVERSION = YES_AGGRESSIVE;
				CLANG_CXX_LANGUAGE_STANDARD = "gnu++14";
				CLANG_CXX_LIBRARY = "libc++";
				CLANG_ENABLE_MODULES = YES;
				CLANG_ENABLE_OBJC_ARC = YES;
				CLANG_ENABLE_OBJC_WEAK = YES;
				CLANG_WARN_BLOCK_CAPTURE_AUTORELEASING = YES;
				CLANG_WARN_BOOL_CONVERSION = YES;
				CLANG_WARN_COMMA = YES;
				CLANG_WARN_CONSTANT_CONVERSION = YES;
				CLANG_WARN_DEPRECATED_OBJC_IMPLEMENTATIONS = YES;
				CLANG_WARN_DIRECT_OBJC_ISA_USAGE = YES_ERROR;
				CLANG_WARN_DOCUMENTATION_COMMENTS = YES;
				CLANG_WARN_EMPTY_BODY = YES;
				CLANG_WARN_ENUM_CONVERSION = YES;
				CLANG_WARN_INFINITE_RECURSION = YES;
				CLANG_WARN_INT_CONVERSION = YES;
				CLANG_WARN_NON_LITERAL_NULL_CONVERSION = YES;
				CLANG_WARN_OBJC_IMPLICIT_RETAIN_SELF = YES;
				CLANG_WARN_OBJC_LITERAL_CONVERSION = YES;
				CLANG_WARN_OBJC_ROOT_CLASS = YES_ERROR;
				CLANG_WARN_RANGE_LOOP_ANALYSIS = YES;
				CLANG_WARN_STRICT_PROTOTYPES = YES;
				CLANG_WARN_SUSPICIOUS_MOVE = YES;
				CLANG_WARN_UNGUARDED_AVAILABILITY = YES_AGGRESSIVE;
				CLANG_WARN_UNREACHABLE_CODE = YES;
				CLANG_WARN__DUPLICATE_METHOD_MATCH = YES;
				COPY_PHASE_STRIP = NO;
				DEBUG_INFORMATION_FORMAT = dwarf;
				ENABLE_STRICT_OBJC_MSGSEND = YES;
				ENABLE_TESTABILITY = YES;
				GCC_C_LANGUAGE_STANDARD = gnu11;
				GCC_DYNAMIC_NO_PIC = NO;
				GCC_NO_COMMON_BLOCKS = YES;
				GCC_OPTIMIZATION_LEVEL = 0;
				GCC_PREPROCESSOR_DEFINITIONS = (
					"DEBUG=1",
					"$(inherited)",
				);
				GCC_WARN_64_TO_32_BIT_CONVERSION = YES;
				GCC_WARN_ABOUT_RETURN_TYPE = YES_ERROR;
				GCC_WARN_UNDECLARED_SELECTOR = YES;
				GCC_WARN_UNINITIALIZED_AUTOS = YES_AGGRESSIVE;
				GCC_WARN_UNUSED_FUNCTION = YES;
				GCC_WARN_UNUSED_VARIABLE = YES;
				IPHONEOS_DEPLOYMENT_TARGET = 13.0;
				MTL_ENABLE_DEBUG_INFO = INCLUDE_SOURCE;
				MTL_FAST_MATH = YES;
				ONLY_ACTIVE_ARCH = YES;
				SDKROOT = iphoneos;
				SWIFT_ACTIVE_COMPILATION_CONDITIONS = DEBUG;
				SWIFT_OPTIMIZATION_LEVEL = "-Onone";
			};
			name = Debug;
		};
		840198E4231FF5A300F5F090 /* Release */ = {
			isa = XCBuildConfiguration;
			buildSettings = {
				ALWAYS_SEARCH_USER_PATHS = NO;
				CLANG_ANALYZER_NONNULL = YES;
				CLANG_ANALYZER_NUMBER_OBJECT_CONVERSION = YES_AGGRESSIVE;
				CLANG_CXX_LANGUAGE_STANDARD = "gnu++14";
				CLANG_CXX_LIBRARY = "libc++";
				CLANG_ENABLE_MODULES = YES;
				CLANG_ENABLE_OBJC_ARC = YES;
				CLANG_ENABLE_OBJC_WEAK = YES;
				CLANG_WARN_BLOCK_CAPTURE_AUTORELEASING = YES;
				CLANG_WARN_BOOL_CONVERSION = YES;
				CLANG_WARN_COMMA = YES;
				CLANG_WARN_CONSTANT_CONVERSION = YES;
				CLANG_WARN_DEPRECATED_OBJC_IMPLEMENTATIONS = YES;
				CLANG_WARN_DIRECT_OBJC_ISA_USAGE = YES_ERROR;
				CLANG_WARN_DOCUMENTATION_COMMENTS = YES;
				CLANG_WARN_EMPTY_BODY = YES;
				CLANG_WARN_ENUM_CONVERSION = YES;
				CLANG_WARN_INFINITE_RECURSION = YES;
				CLANG_WARN_INT_CONVERSION = YES;
				CLANG_WARN_NON_LITERAL_NULL_CONVERSION = YES;
				CLANG_WARN_OBJC_IMPLICIT_RETAIN_SELF = YES;
				CLANG_WARN_OBJC_LITERAL_CONVERSION = YES;
				CLANG_WARN_OBJC_ROOT_CLASS = YES_ERROR;
				CLANG_WARN_RANGE_LOOP_ANALYSIS = YES;
				CLANG_WARN_STRICT_PROTOTYPES = YES;
				CLANG_WARN_SUSPICIOUS_MOVE = YES;
				CLANG_WARN_UNGUARDED_AVAILABILITY = YES_AGGRESSIVE;
				CLANG_WARN_UNREACHABLE_CODE = YES;
				CLANG_WARN__DUPLICATE_METHOD_MATCH = YES;
				COPY_PHASE_STRIP = NO;
				DEBUG_INFORMATION_FORMAT = "dwarf-with-dsym";
				ENABLE_NS_ASSERTIONS = NO;
				ENABLE_STRICT_OBJC_MSGSEND = YES;
				GCC_C_LANGUAGE_STANDARD = gnu11;
				GCC_NO_COMMON_BLOCKS = YES;
				GCC_WARN_64_TO_32_BIT_CONVERSION = YES;
				GCC_WARN_ABOUT_RETURN_TYPE = YES_ERROR;
				GCC_WARN_UNDECLARED_SELECTOR = YES;
				GCC_WARN_UNINITIALIZED_AUTOS = YES_AGGRESSIVE;
				GCC_WARN_UNUSED_FUNCTION = YES;
				GCC_WARN_UNUSED_VARIABLE = YES;
				IPHONEOS_DEPLOYMENT_TARGET = 13.0;
				MTL_ENABLE_DEBUG_INFO = NO;
				MTL_FAST_MATH = YES;
				SDKROOT = iphoneos;
				SWIFT_COMPILATION_MODE = wholemodule;
				SWIFT_OPTIMIZATION_LEVEL = "-O";
				VALIDATE_PRODUCT = YES;
			};
			name = Release;
		};
		840198E6231FF5A300F5F090 /* Debug */ = {
			isa = XCBuildConfiguration;
			buildSettings = {
				ASSETCATALOG_COMPILER_APPICON_NAME = AppIcon;
				CODE_SIGN_STYLE = Automatic;
				INFOPLIST_FILE = swiftbook1/Info.plist;
				LD_RUNPATH_SEARCH_PATHS = (
					"$(inherited)",
					"@executable_path/Frameworks",
				);
				PRODUCT_BUNDLE_IDENTIFIER = musamuss.swiftbook1;
				PRODUCT_NAME = "$(TARGET_NAME)";
				SWIFT_VERSION = 5.0;
				TARGETED_DEVICE_FAMILY = 1;
			};
			name = Debug;
		};
		840198E7231FF5A300F5F090 /* Release */ = {
			isa = XCBuildConfiguration;
			buildSettings = {
				ASSETCATALOG_COMPILER_APPICON_NAME = AppIcon;
				CODE_SIGN_STYLE = Automatic;
				INFOPLIST_FILE = swiftbook1/Info.plist;
				LD_RUNPATH_SEARCH_PATHS = (
					"$(inherited)",
					"@executable_path/Frameworks",
				);
				PRODUCT_BUNDLE_IDENTIFIER = musamuss.swiftbook1;
				PRODUCT_NAME = "$(TARGET_NAME)";
				SWIFT_VERSION = 5.0;
				TARGETED_DEVICE_FAMILY = 1;
			};
			name = Release;
		};
/* End XCBuildConfiguration section */

/* Begin XCConfigurationList section */
		840198CC231FF5A200F5F090 /* Build configuration list for PBXProject "swiftbook1" */ = {
			isa = XCConfigurationList;
			buildConfigurations = (
				840198E3231FF5A300F5F090 /* Debug */,
				840198E4231FF5A300F5F090 /* Release */,
			);
			defaultConfigurationIsVisible = 0;
			defaultConfigurationName = Release;
		};
		840198E5231FF5A300F5F090 /* Build configuration list for PBXNativeTarget "swiftbook1" */ = {
			isa = XCConfigurationList;
			buildConfigurations = (
				840198E6231FF5A300F5F090 /* Debug */,
				840198E7231FF5A300F5F090 /* Release */,
			);
			defaultConfigurationIsVisible = 0;
			defaultConfigurationName = Release;
		};
/* End XCConfigurationList section */
	};
	rootObject = 840198C9231FF5A200F5F090 /* Project object */;
}
